
Microsoft Visual Studio Solution File, Format Version 12.00
# Visual Studio Version 17
VisualStudioVersion = 17.0.32112.339
MinimumVisualStudioVersion = 10.0.40219.1
Project("{FAE04EC0-301F-11D3-BF4B-00C04F79EFBC}") = "WPF ZooManager", "WPF ZooManager\WPF ZooManager.csproj", "{EEE27B73-1928-4320-A6C0-C913F32912F1}"
EndProject
Global
	GlobalSection(SolutionConfigurationPlatforms) = preSolution
		Debug|Any CPU = Debug|Any CPU
		Release|Any CPU = Release|Any CPU
	EndGlobalSection
	GlobalSection(ProjectConfigurationPlatforms) = postSolution
		{EEE27B73-1928-4320-A6C0-C913F32912F1}.Debug|Any CPU.ActiveCfg = Debug|Any CPU
		{EEE27B73-1928-4320-A6C0-C913F32912F1}.Debug|Any CPU.Build.0 = Debug|Any CPU
		{EEE27B73-1928-4320-A6C0-C913F32912F1}.Release|Any CPU.ActiveCfg = Release|Any CPU
		{EEE27B73-1928-4320-A6C0-C913F32912F1}.Release|Any CPU.Build.0 = Release|Any CPU
	EndGlobalSection
	GlobalSection(SolutionProperties) = preSolution
		HideSolutionNode = FALSE
	EndGlobalSection
	GlobalSection(ExtensibilityGlobals) = postSolution
		SolutionGuid = {C2E537D3-B850-4DF3-A97E-C3B5C2417229}
	EndGlobalSection
EndGlobal
